// !$*UTF8*$!
{
	archiveVersion = 1;
	classes = {
	};
	objectVersion = 48;
	objects = {

/* Begin PBXBuildFile section */
		2AEE2D0CD4104FF10144A7A1 /* Pods_FirebaseChats.framework in Frameworks */ = {isa = PBXBuildFile; fileRef = B967DF5D66748150E88D32D6 /* Pods_FirebaseChats.framework */; };
		522AE9EC1F97D988003E07D8 /* User.swift in Sources */ = {isa = PBXBuildFile; fileRef = 522AE9EB1F97D988003E07D8 /* User.swift */; };
		522AE9EE1F980802003E07D8 /* LogiViewController+handler.swift in Sources */ = {isa = PBXBuildFile; fileRef = 522AE9ED1F980802003E07D8 /* LogiViewController+handler.swift */; };
		524821871F9DB95E00ED3661 /* ChatLogController.swift in Sources */ = {isa = PBXBuildFile; fileRef = 524821861F9DB95E00ED3661 /* ChatLogController.swift */; };
		52511A1D1F99D8CF00CCDCDD /* Extensions.swift in Sources */ = {isa = PBXBuildFile; fileRef = 52511A1C1F99D8CF00CCDCDD /* Extensions.swift */; };
		5276D2291F974C6600D863F7 /* NewMessageController.swift in Sources */ = {isa = PBXBuildFile; fileRef = 5276D2281F974C6600D863F7 /* NewMessageController.swift */; };
		527B99B01F969C280067EFBE /* GoogleService-Info.plist in Resources */ = {isa = PBXBuildFile; fileRef = 527B99AF1F969C280067EFBE /* GoogleService-Info.plist */; };
		528CA6E11FA002DA00627268 /* NavigationItem+Extension.swift in Sources */ = {isa = PBXBuildFile; fileRef = 528CA6E01FA002DA00627268 /* NavigationItem+Extension.swift */; };
		528CA6E31FA0033500627268 /* CustomTableViewCell.swift in Sources */ = {isa = PBXBuildFile; fileRef = 528CA6E21FA0033500627268 /* CustomTableViewCell.swift */; };
		528CD3FE1F9F2B10007EEBE4 /* Message.swift in Sources */ = {isa = PBXBuildFile; fileRef = 528CD3FD1F9F2B10007EEBE4 /* Message.swift */; };
		52FD645A1F953CF70011546C /* AppDelegate.swift in Sources */ = {isa = PBXBuildFile; fileRef = 52FD64591F953CF70011546C /* AppDelegate.swift */; };
		52FD645C1F953CF70011546C /* MessagesController.swift in Sources */ = {isa = PBXBuildFile; fileRef = 52FD645B1F953CF70011546C /* MessagesController.swift */; };
		52FD645F1F953CF70011546C /* Main.storyboard in Resources */ = {isa = PBXBuildFile; fileRef = 52FD645D1F953CF70011546C /* Main.storyboard */; };
		52FD64611F953CF70011546C /* Assets.xcassets in Resources */ = {isa = PBXBuildFile; fileRef = 52FD64601F953CF70011546C /* Assets.xcassets */; };
		52FD64641F953CF70011546C /* LaunchScreen.storyboard in Resources */ = {isa = PBXBuildFile; fileRef = 52FD64621F953CF70011546C /* LaunchScreen.storyboard */; };
		52FD646F1F953CF70011546C /* FirebaseChatsTests.swift in Sources */ = {isa = PBXBuildFile; fileRef = 52FD646E1F953CF70011546C /* FirebaseChatsTests.swift */; };
		52FD647B1F955A9D0011546C /* LoginViewController.swift in Sources */ = {isa = PBXBuildFile; fileRef = 52FD647A1F955A9D0011546C /* LoginViewController.swift */; };
		CB2FEFD855D5A702D9473D76 /* Pods_FirebaseChatsTests.framework in Frameworks */ = {isa = PBXBuildFile; fileRef = FEC7C45C50E9879049606FD5 /* Pods_FirebaseChatsTests.framework */; };
/* End PBXBuildFile section */

/* Begin PBXContainerItemProxy section */
		52FD646B1F953CF70011546C /* PBXContainerItemProxy */ = {
			isa = PBXContainerItemProxy;
			containerPortal = 52FD644E1F953CF70011546C /* Project object */;
			proxyType = 1;
			remoteGlobalIDString = 52FD64551F953CF70011546C;
			remoteInfo = FirebaseChats;
		};
/* End PBXContainerItemProxy section */

/* Begin PBXFileReference section */
		1D641E4D3F59C3C86168E452 /* Pods-FirebaseChatsTests.debug.xcconfig */ = {isa = PBXFileReference; includeInIndex = 1; lastKnownFileType = text.xcconfig; name = "Pods-FirebaseChatsTests.debug.xcconfig"; path = "Pods/Target Support Files/Pods-FirebaseChatsTests/Pods-FirebaseChatsTests.debug.xcconfig"; sourceTree = "<group>"; };
		522AE9EB1F97D988003E07D8 /* User.swift */ = {isa = PBXFileReference; lastKnownFileType = sourcecode.swift; path = User.swift; sourceTree = "<group>"; };
		522AE9ED1F980802003E07D8 /* LogiViewController+handler.swift */ = {isa = PBXFileReference; lastKnownFileType = sourcecode.swift; path = "LogiViewController+handler.swift"; sourceTree = "<group>"; };
		524821861F9DB95E00ED3661 /* ChatLogController.swift */ = {isa = PBXFileReference; fileEncoding = 4; lastKnownFileType = sourcecode.swift; path = ChatLogController.swift; sourceTree = "<group>"; };
		52511A1C1F99D8CF00CCDCDD /* Extensions.swift */ = {isa = PBXFileReference; lastKnownFileType = sourcecode.swift; path = Extensions.swift; sourceTree = "<group>"; };
		5276D2281F974C6600D863F7 /* NewMessageController.swift */ = {isa = PBXFileReference; lastKnownFileType = sourcecode.swift; path = NewMessageController.swift; sourceTree = "<group>"; };
		527B99AF1F969C280067EFBE /* GoogleService-Info.plist */ = {isa = PBXFileReference; fileEncoding = 4; lastKnownFileType = text.plist.xml; path = "GoogleService-Info.plist"; sourceTree = "<group>"; };
		528CA6E01FA002DA00627268 /* NavigationItem+Extension.swift */ = {isa = PBXFileReference; lastKnownFileType = sourcecode.swift; path = "NavigationItem+Extension.swift"; sourceTree = "<group>"; };
		528CA6E21FA0033500627268 /* CustomTableViewCell.swift */ = {isa = PBXFileReference; lastKnownFileType = sourcecode.swift; path = CustomTableViewCell.swift; sourceTree = "<group>"; };
		528CD3FD1F9F2B10007EEBE4 /* Message.swift */ = {isa = PBXFileReference; lastKnownFileType = sourcecode.swift; path = Message.swift; sourceTree = "<group>"; };
		52FD64561F953CF70011546C /* FirebaseChats.app */ = {isa = PBXFileReference; explicitFileType = wrapper.application; includeInIndex = 0; path = FirebaseChats.app; sourceTree = BUILT_PRODUCTS_DIR; };
		52FD64591F953CF70011546C /* AppDelegate.swift */ = {isa = PBXFileReference; lastKnownFileType = sourcecode.swift; path = AppDelegate.swift; sourceTree = "<group>"; };
		52FD645B1F953CF70011546C /* MessagesController.swift */ = {isa = PBXFileReference; lastKnownFileType = sourcecode.swift; path = MessagesController.swift; sourceTree = "<group>"; };
		52FD645E1F953CF70011546C /* Base */ = {isa = PBXFileReference; lastKnownFileType = file.storyboard; name = Base; path = Base.lproj/Main.storyboard; sourceTree = "<group>"; };
		52FD64601F953CF70011546C /* Assets.xcassets */ = {isa = PBXFileReference; lastKnownFileType = folder.assetcatalog; path = Assets.xcassets; sourceTree = "<group>"; };
		52FD64631F953CF70011546C /* Base */ = {isa = PBXFileReference; lastKnownFileType = file.storyboard; name = Base; path = Base.lproj/LaunchScreen.storyboard; sourceTree = "<group>"; };
		52FD64651F953CF70011546C /* Info.plist */ = {isa = PBXFileReference; lastKnownFileType = text.plist.xml; path = Info.plist; sourceTree = "<group>"; };
		52FD646A1F953CF70011546C /* FirebaseChatsTests.xctest */ = {isa = PBXFileReference; explicitFileType = wrapper.cfbundle; includeInIndex = 0; path = FirebaseChatsTests.xctest; sourceTree = BUILT_PRODUCTS_DIR; };
		52FD646E1F953CF70011546C /* FirebaseChatsTests.swift */ = {isa = PBXFileReference; lastKnownFileType = sourcecode.swift; path = FirebaseChatsTests.swift; sourceTree = "<group>"; };
		52FD64701F953CF70011546C /* Info.plist */ = {isa = PBXFileReference; lastKnownFileType = text.plist.xml; path = Info.plist; sourceTree = "<group>"; };
		52FD647A1F955A9D0011546C /* LoginViewController.swift */ = {isa = PBXFileReference; lastKnownFileType = sourcecode.swift; path = LoginViewController.swift; sourceTree = "<group>"; };
		97DCAF4940B9390612BB63BC /* Pods-FirebaseChatsTests.release.xcconfig */ = {isa = PBXFileReference; includeInIndex = 1; lastKnownFileType = text.xcconfig; name = "Pods-FirebaseChatsTests.release.xcconfig"; path = "Pods/Target Support Files/Pods-FirebaseChatsTests/Pods-FirebaseChatsTests.release.xcconfig"; sourceTree = "<group>"; };
		B967DF5D66748150E88D32D6 /* Pods_FirebaseChats.framework */ = {isa = PBXFileReference; explicitFileType = wrapper.framework; includeInIndex = 0; path = Pods_FirebaseChats.framework; sourceTree = BUILT_PRODUCTS_DIR; };
		CE03BDF436A59BE40027B64E /* Pods-FirebaseChats.release.xcconfig */ = {isa = PBXFileReference; includeInIndex = 1; lastKnownFileType = text.xcconfig; name = "Pods-FirebaseChats.release.xcconfig"; path = "Pods/Target Support Files/Pods-FirebaseChats/Pods-FirebaseChats.release.xcconfig"; sourceTree = "<group>"; };
		D55849F93077E4AFA69A7996 /* Pods-FirebaseChats.debug.xcconfig */ = {isa = PBXFileReference; includeInIndex = 1; lastKnownFileType = text.xcconfig; name = "Pods-FirebaseChats.debug.xcconfig"; path = "Pods/Target Support Files/Pods-FirebaseChats/Pods-FirebaseChats.debug.xcconfig"; sourceTree = "<group>"; };
		FEC7C45C50E9879049606FD5 /* Pods_FirebaseChatsTests.framework */ = {isa = PBXFileReference; explicitFileType = wrapper.framework; includeInIndex = 0; path = Pods_FirebaseChatsTests.framework; sourceTree = BUILT_PRODUCTS_DIR; };
/* End PBXFileReference section */

/* Begin PBXFrameworksBuildPhase section */
		52FD64531F953CF70011546C /* Frameworks */ = {
			isa = PBXFrameworksBuildPhase;
			buildActionMask = 2147483647;
			files = (
				2AEE2D0CD4104FF10144A7A1 /* Pods_FirebaseChats.framework in Frameworks */,
			);
			runOnlyForDeploymentPostprocessing = 0;
		};
		52FD64671F953CF70011546C /* Frameworks */ = {
			isa = PBXFrameworksBuildPhase;
			buildActionMask = 2147483647;
			files = (
				CB2FEFD855D5A702D9473D76 /* Pods_FirebaseChatsTests.framework in Frameworks */,
			);
			runOnlyForDeploymentPostprocessing = 0;
		};
/* End PBXFrameworksBuildPhase section */

/* Begin PBXGroup section */
		2833B694E4164F74BE3D5DB9 /* Pods */ = {
			isa = PBXGroup;
			children = (
				D55849F93077E4AFA69A7996 /* Pods-FirebaseChats.debug.xcconfig */,
				CE03BDF436A59BE40027B64E /* Pods-FirebaseChats.release.xcconfig */,
				1D641E4D3F59C3C86168E452 /* Pods-FirebaseChatsTests.debug.xcconfig */,
				97DCAF4940B9390612BB63BC /* Pods-FirebaseChatsTests.release.xcconfig */,
			);
			name = Pods;
			sourceTree = "<group>";
		};
		3D8FE56CCF0A39C4A103B04D /* Frameworks */ = {
			isa = PBXGroup;
			children = (
				B967DF5D66748150E88D32D6 /* Pods_FirebaseChats.framework */,
				FEC7C45C50E9879049606FD5 /* Pods_FirebaseChatsTests.framework */,
			);
			name = Frameworks;
			sourceTree = "<group>";
		};
		522AE9EA1F97D965003E07D8 /* Model */ = {
			isa = PBXGroup;
			children = (
				522AE9EB1F97D988003E07D8 /* User.swift */,
				528CD3FD1F9F2B10007EEBE4 /* Message.swift */,
			);
			path = Model;
			sourceTree = "<group>";
		};
		52511A1B1F99D8B100CCDCDD /* Helpers */ = {
			isa = PBXGroup;
			children = (
				52511A1C1F99D8CF00CCDCDD /* Extensions.swift */,
			);
			path = Helpers;
			sourceTree = "<group>";
		};
		528CA6DF1FA002B200627268 /* Views */ = {
			isa = PBXGroup;
			children = (
				528CA6E01FA002DA00627268 /* NavigationItem+Extension.swift */,
				528CA6E21FA0033500627268 /* CustomTableViewCell.swift */,
			);
			path = Views;
			sourceTree = "<group>";
		};
		52FD644D1F953CF70011546C = {
			isa = PBXGroup;
			children = (
				52FD64581F953CF70011546C /* FirebaseChats */,
				52FD646D1F953CF70011546C /* FirebaseChatsTests */,
				52FD64571F953CF70011546C /* Products */,
				2833B694E4164F74BE3D5DB9 /* Pods */,
				3D8FE56CCF0A39C4A103B04D /* Frameworks */,
			);
			sourceTree = "<group>";
		};
		52FD64571F953CF70011546C /* Products */ = {
			isa = PBXGroup;
			children = (
				52FD64561F953CF70011546C /* FirebaseChats.app */,
				52FD646A1F953CF70011546C /* FirebaseChatsTests.xctest */,
			);
			name = Products;
			sourceTree = "<group>";
		};
		52FD64581F953CF70011546C /* FirebaseChats */ = {
			isa = PBXGroup;
			children = (
				528CA6DF1FA002B200627268 /* Views */,
				52511A1B1F99D8B100CCDCDD /* Helpers */,
				522AE9EA1F97D965003E07D8 /* Model */,
				527B99AF1F969C280067EFBE /* GoogleService-Info.plist */,
				52FD64791F955A100011546C /* Controller */,
				52FD64591F953CF70011546C /* AppDelegate.swift */,
				52FD645D1F953CF70011546C /* Main.storyboard */,
				52FD64601F953CF70011546C /* Assets.xcassets */,
				52FD64621F953CF70011546C /* LaunchScreen.storyboard */,
				52FD64651F953CF70011546C /* Info.plist */,
			);
			path = FirebaseChats;
			sourceTree = "<group>";
		};
		52FD646D1F953CF70011546C /* FirebaseChatsTests */ = {
			isa = PBXGroup;
			children = (
				52FD646E1F953CF70011546C /* FirebaseChatsTests.swift */,
				52FD64701F953CF70011546C /* Info.plist */,
			);
			path = FirebaseChatsTests;
			sourceTree = "<group>";
		};
		52FD64791F955A100011546C /* Controller */ = {
			isa = PBXGroup;
			children = (
				52FD647A1F955A9D0011546C /* LoginViewController.swift */,
				52FD645B1F953CF70011546C /* MessagesController.swift */,
				5276D2281F974C6600D863F7 /* NewMessageController.swift */,
				522AE9ED1F980802003E07D8 /* LogiViewController+handler.swift */,
				524821861F9DB95E00ED3661 /* ChatLogController.swift */,
			);
			path = Controller;
			sourceTree = "<group>";
		};
/* End PBXGroup section */

/* Begin PBXNativeTarget section */
		52FD64551F953CF70011546C /* FirebaseChats */ = {
			isa = PBXNativeTarget;
			buildConfigurationList = 52FD64731F953CF70011546C /* Build configuration list for PBXNativeTarget "FirebaseChats" */;
			buildPhases = (
				3A043947254AD65845087980 /* [CP] Check Pods Manifest.lock */,
				52FD64521F953CF70011546C /* Sources */,
				52FD64531F953CF70011546C /* Frameworks */,
				52FD64541F953CF70011546C /* Resources */,
				175B501098022769F1DBA5CD /* [CP] Embed Pods Frameworks */,
				9C8F5CADED7A725E3D227C47 /* [CP] Copy Pods Resources */,
			);
			buildRules = (
			);
			dependencies = (
			);
			name = FirebaseChats;
			productName = FirebaseChats;
			productReference = 52FD64561F953CF70011546C /* FirebaseChats.app */;
			productType = "com.apple.product-type.application";
		};
		52FD64691F953CF70011546C /* FirebaseChatsTests */ = {
			isa = PBXNativeTarget;
			buildConfigurationList = 52FD64761F953CF70011546C /* Build configuration list for PBXNativeTarget "FirebaseChatsTests" */;
			buildPhases = (
				4C5E3F3E6A37DD08F6F21B26 /* [CP] Check Pods Manifest.lock */,
				52FD64661F953CF70011546C /* Sources */,
				52FD64671F953CF70011546C /* Frameworks */,
				52FD64681F953CF70011546C /* Resources */,
				D76DE0914C2EBAB6AA2DAD2C /* [CP] Embed Pods Frameworks */,
				26795EFBE530F4000C748974 /* [CP] Copy Pods Resources */,
			);
			buildRules = (
			);
			dependencies = (
				52FD646C1F953CF70011546C /* PBXTargetDependency */,
			);
			name = FirebaseChatsTests;
			productName = FirebaseChatsTests;
			productReference = 52FD646A1F953CF70011546C /* FirebaseChatsTests.xctest */;
			productType = "com.apple.product-type.bundle.unit-test";
		};
/* End PBXNativeTarget section */

/* Begin PBXProject section */
		52FD644E1F953CF70011546C /* Project object */ = {
			isa = PBXProject;
			attributes = {
				LastSwiftUpdateCheck = 0900;
				LastUpgradeCheck = 0900;
				ORGANIZATIONNAME = Satya;
				TargetAttributes = {
					52FD64551F953CF70011546C = {
						CreatedOnToolsVersion = 9.0;
						ProvisioningStyle = Automatic;
					};
					52FD64691F953CF70011546C = {
						CreatedOnToolsVersion = 9.0;
						ProvisioningStyle = Automatic;
						TestTargetID = 52FD64551F953CF70011546C;
					};
				};
			};
			buildConfigurationList = 52FD64511F953CF70011546C /* Build configuration list for PBXProject "FirebaseChats" */;
			compatibilityVersion = "Xcode 8.0";
			developmentRegion = en;
			hasScannedForEncodings = 0;
			knownRegions = (
				en,
				Base,
			);
			mainGroup = 52FD644D1F953CF70011546C;
			productRefGroup = 52FD64571F953CF70011546C /* Products */;
			projectDirPath = "";
			projectRoot = "";
			targets = (
				52FD64551F953CF70011546C /* FirebaseChats */,
				52FD64691F953CF70011546C /* FirebaseChatsTests */,
			);
		};
/* End PBXProject section */

/* Begin PBXResourcesBuildPhase section */
		52FD64541F953CF70011546C /* Resources */ = {
			isa = PBXResourcesBuildPhase;
			buildActionMask = 2147483647;
			files = (
				52FD64641F953CF70011546C /* LaunchScreen.storyboard in Resources */,
				527B99B01F969C280067EFBE /* GoogleService-Info.plist in Resources */,
				52FD64611F953CF70011546C /* Assets.xcassets in Resources */,
				52FD645F1F953CF70011546C /* Main.storyboard in Resources */,
			);
			runOnlyForDeploymentPostprocessing = 0;
		};
		52FD64681F953CF70011546C /* Resources */ = {
			isa = PBXResourcesBuildPhase;
			buildActionMask = 2147483647;
			files = (
			);
			runOnlyForDeploymentPostprocessing = 0;
		};
/* End PBXResourcesBuildPhase section */

/* Begin PBXShellScriptBuildPhase section */
		175B501098022769F1DBA5CD /* [CP] Embed Pods Frameworks */ = {
			isa = PBXShellScriptBuildPhase;
			buildActionMask = 2147483647;
			files = (
			);
			inputPaths = (
				"${SRCROOT}/Pods/Target Support Files/Pods-FirebaseChats/Pods-FirebaseChats-frameworks.sh",
				"${BUILT_PRODUCTS_DIR}/GTMSessionFetcher/GTMSessionFetcher.framework",
				"${BUILT_PRODUCTS_DIR}/GoogleToolboxForMac/GoogleToolboxForMac.framework",
				"${BUILT_PRODUCTS_DIR}/leveldb-library/leveldb.framework",
				"${BUILT_PRODUCTS_DIR}/nanopb/nanopb.framework",
			);
			name = "[CP] Embed Pods Frameworks";
			outputPaths = (
				"${TARGET_BUILD_DIR}/${FRAMEWORKS_FOLDER_PATH}/GTMSessionFetcher.framework",
				"${TARGET_BUILD_DIR}/${FRAMEWORKS_FOLDER_PATH}/GoogleToolboxForMac.framework",
				"${TARGET_BUILD_DIR}/${FRAMEWORKS_FOLDER_PATH}/leveldb.framework",
				"${TARGET_BUILD_DIR}/${FRAMEWORKS_FOLDER_PATH}/nanopb.framework",
			);
			runOnlyForDeploymentPostprocessing = 0;
			shellPath = /bin/sh;
			shellScript = "\"${SRCROOT}/Pods/Target Support Files/Pods-FirebaseChats/Pods-FirebaseChats-frameworks.sh\"\n";
			showEnvVarsInLog = 0;
		};
		26795EFBE530F4000C748974 /* [CP] Copy Pods Resources */ = {
			isa = PBXShellScriptBuildPhase;
			buildActionMask = 2147483647;
			files = (
			);
			inputPaths = (
			);
			name = "[CP] Copy Pods Resources";
			outputPaths = (
			);
			runOnlyForDeploymentPostprocessing = 0;
			shellPath = /bin/sh;
			shellScript = "\"${SRCROOT}/Pods/Target Support Files/Pods-FirebaseChatsTests/Pods-FirebaseChatsTests-resources.sh\"\n";
			showEnvVarsInLog = 0;
		};
		3A043947254AD65845087980 /* [CP] Check Pods Manifest.lock */ = {
			isa = PBXShellScriptBuildPhase;
			buildActionMask = 2147483647;
			files = (
			);
			inputPaths = (
				"${PODS_PODFILE_DIR_PATH}/Podfile.lock",
				"${PODS_ROOT}/Manifest.lock",
			);
			name = "[CP] Check Pods Manifest.lock";
			outputPaths = (
				"$(DERIVED_FILE_DIR)/Pods-FirebaseChats-checkManifestLockResult.txt",
			);
			runOnlyForDeploymentPostprocessing = 0;
			shellPath = /bin/sh;
			shellScript = "diff \"${PODS_PODFILE_DIR_PATH}/Podfile.lock\" \"${PODS_ROOT}/Manifest.lock\" > /dev/null\nif [ $? != 0 ] ; then\n    # print error to STDERR\n    echo \"error: The sandbox is not in sync with the Podfile.lock. Run 'pod install' or update your CocoaPods installation.\" >&2\n    exit 1\nfi\n# This output is used by Xcode 'outputs' to avoid re-running this script phase.\necho \"SUCCESS\" > \"${SCRIPT_OUTPUT_FILE_0}\"\n";
			showEnvVarsInLog = 0;
		};
		4C5E3F3E6A37DD08F6F21B26 /* [CP] Check Pods Manifest.lock */ = {
			isa = PBXShellScriptBuildPhase;
			buildActionMask = 2147483647;
			files = (
			);
			inputPaths = (
				"${PODS_PODFILE_DIR_PATH}/Podfile.lock",
				"${PODS_ROOT}/Manifest.lock",
			);
			name = "[CP] Check Pods Manifest.lock";
			outputPaths = (
				"$(DERIVED_FILE_DIR)/Pods-FirebaseChatsTests-checkManifestLockResult.txt",
			);
			runOnlyForDeploymentPostprocessing = 0;
			shellPath = /bin/sh;
			shellScript = "diff \"${PODS_PODFILE_DIR_PATH}/Podfile.lock\" \"${PODS_ROOT}/Manifest.lock\" > /dev/null\nif [ $? != 0 ] ; then\n    # print error to STDERR\n    echo \"error: The sandbox is not in sync with the Podfile.lock. Run 'pod install' or update your CocoaPods installation.\" >&2\n    exit 1\nfi\n# This output is used by Xcode 'outputs' to avoid re-running this script phase.\necho \"SUCCESS\" > \"${SCRIPT_OUTPUT_FILE_0}\"\n";
			showEnvVarsInLog = 0;
		};
		9C8F5CADED7A725E3D227C47 /* [CP] Copy Pods Resources */ = {
			isa = PBXShellScriptBuildPhase;
			buildActionMask = 2147483647;
			files = (
			);
			inputPaths = (
			);
			name = "[CP] Copy Pods Resources";
			outputPaths = (
			);
			runOnlyForDeploymentPostprocessing = 0;
			shellPath = /bin/sh;
			shellScript = "\"${SRCROOT}/Pods/Target Support Files/Pods-FirebaseChats/Pods-FirebaseChats-resources.sh\"\n";
			showEnvVarsInLog = 0;
		};
		D76DE0914C2EBAB6AA2DAD2C /* [CP] Embed Pods Frameworks */ = {
			isa = PBXShellScriptBuildPhase;
			buildActionMask = 2147483647;
			files = (
			);
			inputPaths = (
			);
			name = "[CP] Embed Pods Frameworks";
			outputPaths = (
			);
			runOnlyForDeploymentPostprocessing = 0;
			shellPath = /bin/sh;
			shellScript = "\"${SRCROOT}/Pods/Target Support Files/Pods-FirebaseChatsTests/Pods-FirebaseChatsTests-frameworks.sh\"\n";
			showEnvVarsInLog = 0;
		};
/* End PBXShellScriptBuildPhase section */

/* Begin PBXSourcesBuildPhase section */
		52FD64521F953CF70011546C /* Sources */ = {
			isa = PBXSourcesBuildPhase;
			buildActionMask = 2147483647;
			files = (
				528CA6E11FA002DA00627268 /* NavigationItem+Extension.swift in Sources */,
				524821871F9DB95E00ED3661 /* ChatLogController.swift in Sources */,
				528CA6E31FA0033500627268 /* CustomTableViewCell.swift in Sources */,
				5276D2291F974C6600D863F7 /* NewMessageController.swift in Sources */,
				52FD647B1F955A9D0011546C /* LoginViewController.swift in Sources */,
				528CD3FE1F9F2B10007EEBE4 /* Message.swift in Sources */,
				522AE9EE1F980802003E07D8 /* LogiViewController+handler.swift in Sources */,
				52FD645C1F953CF70011546C /* MessagesController.swift in Sources */,
				522AE9EC1F97D988003E07D8 /* User.swift in Sources */,
				52FD645A1F953CF70011546C /* AppDelegate.swift in Sources */,
				52511A1D1F99D8CF00CCDCDD /* Extensions.swift in Sources */,
			);
			runOnlyForDeploymentPostprocessing = 0;
		};
		52FD64661F953CF70011546C /* Sources */ = {
			isa = PBXSourcesBuildPhase;
			buildActionMask = 2147483647;
			files = (
				52FD646F1F953CF70011546C /* FirebaseChatsTests.swift in Sources */,
			);
			runOnlyForDeploymentPostprocessing = 0;
		};
/* End PBXSourcesBuildPhase section */

/* Begin PBXTargetDependency section */
		52FD646C1F953CF70011546C /* PBXTargetDependency */ = {
			isa = PBXTargetDependency;
			target = 52FD64551F953CF70011546C /* FirebaseChats */;
			targetProxy = 52FD646B1F953CF70011546C /* PBXContainerItemProxy */;
		};
/* End PBXTargetDependency section */

/* Begin PBXVariantGroup section */
		52FD645D1F953CF70011546C /* Main.storyboard */ = {
			isa = PBXVariantGroup;
			children = (
				52FD645E1F953CF70011546C /* Base */,
			);
			name = Main.storyboard;
			sourceTree = "<group>";
		};
		52FD64621F953CF70011546C /* LaunchScreen.storyboard */ = {
			isa = PBXVariantGroup;
			children = (
				52FD64631F953CF70011546C /* Base */,
			);
			name = LaunchScreen.storyboard;
			sourceTree = "<group>";
		};
/* End PBXVariantGroup section */

/* Begin XCBuildConfiguration section */
		52FD64711F953CF70011546C /* Debug */ = {
			isa = XCBuildConfiguration;
			buildSettings = {
				ALWAYS_SEARCH_USER_PATHS = NO;
				CLANG_ANALYZER_NONNULL = YES;
				CLANG_ANALYZER_NUMBER_OBJECT_CONVERSION = YES_AGGRESSIVE;
				CLANG_CXX_LANGUAGE_STANDARD = "gnu++14";
				CLANG_CXX_LIBRARY = "libc++";
				CLANG_ENABLE_MODULES = YES;
				CLANG_ENABLE_OBJC_ARC = YES;
				CLANG_WARN_BLOCK_CAPTURE_AUTORELEASING = YES;
				CLANG_WARN_BOOL_CONVERSION = YES;
				CLANG_WARN_COMMA = YES;
				CLANG_WARN_CONSTANT_CONVERSION = YES;
				CLANG_WARN_DIRECT_OBJC_ISA_USAGE = YES_ERROR;
				CLANG_WARN_DOCUMENTATION_COMMENTS = YES;
				CLANG_WARN_EMPTY_BODY = YES;
				CLANG_WARN_ENUM_CONVERSION = YES;
				CLANG_WARN_INFINITE_RECURSION = YES;
				CLANG_WARN_INT_CONVERSION = YES;
				CLANG_WARN_NON_LITERAL_NULL_CONVERSION = YES;
				CLANG_WARN_OBJC_LITERAL_CONVERSION = YES;
				CLANG_WARN_OBJC_ROOT_CLASS = YES_ERROR;
				CLANG_WARN_RANGE_LOOP_ANALYSIS = YES;
				CLANG_WARN_STRICT_PROTOTYPES = YES;
				CLANG_WARN_SUSPICIOUS_MOVE = YES;
				CLANG_WARN_UNGUARDED_AVAILABILITY = YES_AGGRESSIVE;
				CLANG_WARN_UNREACHABLE_CODE = YES;
				CLANG_WARN__DUPLICATE_METHOD_MATCH = YES;
				CODE_SIGN_IDENTITY = "iPhone Developer";
				COPY_PHASE_STRIP = NO;
				DEBUG_INFORMATION_FORMAT = dwarf;
				ENABLE_STRICT_OBJC_MSGSEND = YES;
				ENABLE_TESTABILITY = YES;
				GCC_C_LANGUAGE_STANDARD = gnu11;
				GCC_DYNAMIC_NO_PIC = NO;
				GCC_NO_COMMON_BLOCKS = YES;
				GCC_OPTIMIZATION_LEVEL = 0;
				GCC_PREPROCESSOR_DEFINITIONS = (
					"DEBUG=1",
					"$(inherited)",
				);
				GCC_WARN_64_TO_32_BIT_CONVERSION = YES;
				GCC_WARN_ABOUT_RETURN_TYPE = YES_ERROR;
				GCC_WARN_UNDECLARED_SELECTOR = YES;
				GCC_WARN_UNINITIALIZED_AUTOS = YES_AGGRESSIVE;
				GCC_WARN_UNUSED_FUNCTION = YES;
				GCC_WARN_UNUSED_VARIABLE = YES;
				IPHONEOS_DEPLOYMENT_TARGET = 11.0;
				MTL_ENABLE_DEBUG_INFO = YES;
				ONLY_ACTIVE_ARCH = YES;
				SDKROOT = iphoneos;
				SWIFT_ACTIVE_COMPILATION_CONDITIONS = DEBUG;
				SWIFT_OPTIMIZATION_LEVEL = "-Onone";
			};
			name = Debug;
		};
		52FD64721F953CF70011546C /* Release */ = {
			isa = XCBuildConfiguration;
			buildSettings = {
				ALWAYS_SEARCH_USER_PATHS = NO;
				CLANG_ANALYZER_NONNULL = YES;
				CLANG_ANALYZER_NUMBER_OBJECT_CONVERSION = YES_AGGRESSIVE;
				CLANG_CXX_LANGUAGE_STANDARD = "gnu++14";
				CLANG_CXX_LIBRARY = "libc++";
				CLANG_ENABLE_MODULES = YES;
				CLANG_ENABLE_OBJC_ARC = YES;
				CLANG_WARN_BLOCK_CAPTURE_AUTORELEASING = YES;
				CLANG_WARN_BOOL_CONVERSION = YES;
				CLANG_WARN_COMMA = YES;
				CLANG_WARN_CONSTANT_CONVERSION = YES;
				CLANG_WARN_DIRECT_OBJC_ISA_USAGE = YES_ERROR;
				CLANG_WARN_DOCUMENTATION_COMMENTS = YES;
				CLANG_WARN_EMPTY_BODY = YES;
				CLANG_WARN_ENUM_CONVERSION = YES;
				CLANG_WARN_INFINITE_RECURSION = YES;
				CLANG_WARN_INT_CONVERSION = YES;
				CLANG_WARN_NON_LITERAL_NULL_CONVERSION = YES;
				CLANG_WARN_OBJC_LITERAL_CONVERSION = YES;
				CLANG_WARN_OBJC_ROOT_CLASS = YES_ERROR;
				CLANG_WARN_RANGE_LOOP_ANALYSIS = YES;
				CLANG_WARN_STRICT_PROTOTYPES = YES;
				CLANG_WARN_SUSPICIOUS_MOVE = YES;
				CLANG_WARN_UNGUARDED_AVAILABILITY = YES_AGGRESSIVE;
				CLANG_WARN_UNREACHABLE_CODE = YES;
				CLANG_WARN__DUPLICATE_METHOD_MATCH = YES;
				CODE_SIGN_IDENTITY = "iPhone Developer";
				COPY_PHASE_STRIP = NO;
				DEBUG_INFORMATION_FORMAT = "dwarf-with-dsym";
				ENABLE_NS_ASSERTIONS = NO;
				ENABLE_STRICT_OBJC_MSGSEND = YES;
				GCC_C_LANGUAGE_STANDARD = gnu11;
				GCC_NO_COMMON_BLOCKS = YES;
				GCC_WARN_64_TO_32_BIT_CONVERSION = YES;
				GCC_WARN_ABOUT_RETURN_TYPE = YES_ERROR;
				GCC_WARN_UNDECLARED_SELECTOR = YES;
				GCC_WARN_UNINITIALIZED_AUTOS = YES_AGGRESSIVE;
				GCC_WARN_UNUSED_FUNCTION = YES;
				GCC_WARN_UNUSED_VARIABLE = YES;
				IPHONEOS_DEPLOYMENT_TARGET = 11.0;
				MTL_ENABLE_DEBUG_INFO = NO;
				SDKROOT = iphoneos;
				SWIFT_OPTIMIZATION_LEVEL = "-Owholemodule";
				VALIDATE_PRODUCT = YES;
			};
			name = Release;
		};
		52FD64741F953CF70011546C /* Debug */ = {
			isa = XCBuildConfiguration;
			baseConfigurationReference = D55849F93077E4AFA69A7996 /* Pods-FirebaseChats.debug.xcconfig */;
			buildSettings = {
				ASSETCATALOG_COMPILER_APPICON_NAME = AppIcon;
				CODE_SIGN_STYLE = Automatic;
				DEVELOPMENT_TEAM = RWA7463NDR;
				INFOPLIST_FILE = FirebaseChats/Info.plist;
				LD_RUNPATH_SEARCH_PATHS = "$(inherited) @executable_path/Frameworks";
				PRODUCT_BUNDLE_IDENTIFIER = com.Satya.Todos.FirebaseChats;
				PRODUCT_NAME = "$(TARGET_NAME)";
				SWIFT_VERSION = 4.0;
				TARGETED_DEVICE_FAMILY = "1,2";
			};
			name = Debug;
		};
		52FD64751F953CF70011546C /* Release */ = {
			isa = XCBuildConfiguration;
			baseConfigurationReference = CE03BDF436A59BE40027B64E /* Pods-FirebaseChats.release.xcconfig */;
			buildSettings = {
				ASSETCATALOG_COMPILER_APPICON_NAME = AppIcon;
				CODE_SIGN_STYLE = Automatic;
				DEVELOPMENT_TEAM = RWA7463NDR;
				INFOPLIST_FILE = FirebaseChats/Info.plist;
				LD_RUNPATH_SEARCH_PATHS = "$(inherited) @executable_path/Frameworks";
				PRODUCT_BUNDLE_IDENTIFIER = com.Satya.Todos.FirebaseChats;
				PRODUCT_NAME = "$(TARGET_NAME)";
				SWIFT_VERSION = 4.0;
				TARGETED_DEVICE_FAMILY = "1,2";
			};
			name = Release;
		};
		52FD64771F953CF70011546C /* Debug */ = {
			isa = XCBuildConfiguration;
			baseConfigurationReference = 1D641E4D3F59C3C86168E452 /* Pods-FirebaseChatsTests.debug.xcconfig */;
			buildSettings = {
				ALWAYS_EMBED_SWIFT_STANDARD_LIBRARIES = YES;
				BUNDLE_LOADER = "$(TEST_HOST)";
				CODE_SIGN_STYLE = Automatic;
				INFOPLIST_FILE = FirebaseChatsTests/Info.plist;
				LD_RUNPATH_SEARCH_PATHS = "$(inherited) @executable_path/Frameworks @loader_path/Frameworks";
				PRODUCT_BUNDLE_IDENTIFIER = com.Satya.Todos.FirebaseChatsTests;
				PRODUCT_NAME = "$(TARGET_NAME)";
				SWIFT_VERSION = 4.0;
				TARGETED_DEVICE_FAMILY = "1,2";
				TEST_HOST = "$(BUILT_PRODUCTS_DIR)/FirebaseChats.app/FirebaseChats";
			};
			name = Debug;
		};
		52FD64781F953CF70011546C /* Release */ = {
			isa = XCBuildConfiguration;
			baseConfigurationReference = 97DCAF4940B9390612BB63BC /* Pods-FirebaseChatsTests.release.xcconfig */;
			buildSettings = {
				ALWAYS_EMBED_SWIFT_STANDARD_LIBRARIES = YES;
				BUNDLE_LOADER = "$(TEST_HOST)";
				CODE_SIGN_STYLE = Automatic;
				INFOPLIST_FILE = FirebaseChatsTests/Info.plist;
				LD_RUNPATH_SEARCH_PATHS = "$(inherited) @executable_path/Frameworks @loader_path/Frameworks";
				PRODUCT_BUNDLE_IDENTIFIER = com.Satya.Todos.FirebaseChatsTests;
				PRODUCT_NAME = "$(TARGET_NAME)";
				SWIFT_VERSION = 4.0;
				TARGETED_DEVICE_FAMILY = "1,2";
				TEST_HOST = "$(BUILT_PRODUCTS_DIR)/FirebaseChats.app/FirebaseChats";
			};
			name = Release;
		};
/* End XCBuildConfiguration section */

/* Begin XCConfigurationList section */
		52FD64511F953CF70011546C /* Build configuration list for PBXProject "FirebaseChats" */ = {
			isa = XCConfigurationList;
			buildConfigurations = (
				52FD64711F953CF70011546C /* Debug */,
				52FD64721F953CF70011546C /* Release */,
			);
			defaultConfigurationIsVisible = 0;
			defaultConfigurationName = Release;
		};
		52FD64731F953CF70011546C /* Build configuration list for PBXNativeTarget "FirebaseChats" */ = {
			isa = XCConfigurationList;
			buildConfigurations = (
				52FD64741F953CF70011546C /* Debug */,
				52FD64751F953CF70011546C /* Release */,
			);
			defaultConfigurationIsVisible = 0;
			defaultConfigurationName = Release;
		};
		52FD64761F953CF70011546C /* Build configuration list for PBXNativeTarget "FirebaseChatsTests" */ = {
			isa = XCConfigurationList;
			buildConfigurations = (
				52FD64771F953CF70011546C /* Debug */,
				52FD64781F953CF70011546C /* Release */,
			);
			defaultConfigurationIsVisible = 0;
			defaultConfigurationName = Release;
		};
/* End XCConfigurationList section */
	};
	rootObject = 52FD644E1F953CF70011546C /* Project object */;
}
